
Microsoft Visual Studio Solution File, Format Version 12.00
# Visual Studio Version 17
VisualStudioVersion = 17.5.33530.505
MinimumVisualStudioVersion = 10.0.40219.1
Project("{9A19103F-16F7-4668-BE54-9A1E7A4F7556}") = "PLANTILLA", "PLANTILLA\PLANTILLA\PLANTILLA.csproj", "{04B10FED-20DE-4CFF-AD97-0C310DF048E8}"
EndProject
Project("{9A19103F-16F7-4668-BE54-9A1E7A4F7556}") = "PLANTILLA.DEDOMENA", "PLANTILLA.DEDOMENA\PLANTILLA.DEDOMENA\PLANTILLA.DEDOMENA.csproj", "{437EDCAE-2C34-4130-9679-DDD0E74B3700}"
EndProject
Project("{9A19103F-16F7-4668-BE54-9A1E7A4F7556}") = "PLANTILLA.ICARO", "PLANTILLA.ICARO\PLANTILLA.ICARO\PLANTILLA.ICARO.csproj", "{7E2C7003-C452-4759-A89E-26FB67B26C60}"
EndProject
Global
	GlobalSection(SolutionConfigurationPlatforms) = preSolution
		Debug|Any CPU = Debug|Any CPU
		Release|Any CPU = Release|Any CPU
	EndGlobalSection
	GlobalSection(ProjectConfigurationPlatforms) = postSolution
		{04B10FED-20DE-4CFF-AD97-0C310DF048E8}.Debug|Any CPU.ActiveCfg = Debug|Any CPU
		{04B10FED-20DE-4CFF-AD97-0C310DF048E8}.Debug|Any CPU.Build.0 = Debug|Any CPU
		{04B10FED-20DE-4CFF-AD97-0C310DF048E8}.Release|Any CPU.ActiveCfg = Release|Any CPU
		{04B10FED-20DE-4CFF-AD97-0C310DF048E8}.Release|Any CPU.Build.0 = Release|Any CPU
		{437EDCAE-2C34-4130-9679-DDD0E74B3700}.Debug|Any CPU.ActiveCfg = Debug|Any CPU
		{437EDCAE-2C34-4130-9679-DDD0E74B3700}.Debug|Any CPU.Build.0 = Debug|Any CPU
		{437EDCAE-2C34-4130-9679-DDD0E74B3700}.Release|Any CPU.ActiveCfg = Release|Any CPU
		{437EDCAE-2C34-4130-9679-DDD0E74B3700}.Release|Any CPU.Build.0 = Release|Any CPU
		{7E2C7003-C452-4759-A89E-26FB67B26C60}.Debug|Any CPU.ActiveCfg = Debug|Any CPU
		{7E2C7003-C452-4759-A89E-26FB67B26C60}.Debug|Any CPU.Build.0 = Debug|Any CPU
		{7E2C7003-C452-4759-A89E-26FB67B26C60}.Release|Any CPU.ActiveCfg = Release|Any CPU
		{7E2C7003-C452-4759-A89E-26FB67B26C60}.Release|Any CPU.Build.0 = Release|Any CPU
	EndGlobalSection
	GlobalSection(SolutionProperties) = preSolution
		HideSolutionNode = FALSE
	EndGlobalSection
	GlobalSection(ExtensibilityGlobals) = postSolution
		SolutionGuid = {D8D4E784-084C-4B04-948D-56D730281E24}
	EndGlobalSection
EndGlobal
